
Microsoft Visual Studio Solution File, Format Version 12.00
# Visual Studio Version 16
VisualStudioVersion = 16.0.30804.86
MinimumVisualStudioVersion = 10.0.40219.1
Project("{9092AA53-FB77-4645-B42D-1CCCA6BD08BD}") = "NodejsConsoleApp1", "NodejsConsoleApp1.njsproj", "{EF9D6AE5-F660-48D6-B278-10DD2E17E181}"
EndProject
Global
	GlobalSection(SolutionConfigurationPlatforms) = preSolution
		Debug|Any CPU = Debug|Any CPU
		Release|Any CPU = Release|Any CPU
	EndGlobalSection
	GlobalSection(ProjectConfigurationPlatforms) = postSolution
		{EF9D6AE5-F660-48D6-B278-10DD2E17E181}.Debug|Any CPU.ActiveCfg = Debug|Any CPU
		{EF9D6AE5-F660-48D6-B278-10DD2E17E181}.Debug|Any CPU.Build.0 = Debug|Any CPU
		{EF9D6AE5-F660-48D6-B278-10DD2E17E181}.Release|Any CPU.ActiveCfg = Release|Any CPU
		{EF9D6AE5-F660-48D6-B278-10DD2E17E181}.Release|Any CPU.Build.0 = Release|Any CPU
	EndGlobalSection
	GlobalSection(SolutionProperties) = preSolution
		HideSolutionNode = FALSE
	EndGlobalSection
	GlobalSection(ExtensibilityGlobals) = postSolution
		SolutionGuid = {5E2DEFAC-0F52-4951-AB1E-D263B2710FB9}
	EndGlobalSection
EndGlobal
